// !$*UTF8*$!
{
	archiveVersion = 1;
	classes = {
	};
	objectVersion = 50;
	objects = {

/* Begin PBXBuildFile section */
		3037C531253113AF005EDAF7 /* AppDelegate.swift in Sources */ = {isa = PBXBuildFile; fileRef = 3037C530253113AF005EDAF7 /* AppDelegate.swift */; };
		3037C533253113AF005EDAF7 /* SceneDelegate.swift in Sources */ = {isa = PBXBuildFile; fileRef = 3037C532253113AF005EDAF7 /* SceneDelegate.swift */; };
		3037C535253113AF005EDAF7 /* ViewController.swift in Sources */ = {isa = PBXBuildFile; fileRef = 3037C534253113AF005EDAF7 /* ViewController.swift */; };
		3037C538253113AF005EDAF7 /* Main.storyboard in Resources */ = {isa = PBXBuildFile; fileRef = 3037C536253113AF005EDAF7 /* Main.storyboard */; };
		3037C53A253113B1005EDAF7 /* Assets.xcassets in Resources */ = {isa = PBXBuildFile; fileRef = 3037C539253113B1005EDAF7 /* Assets.xcassets */; };
		3037C53D253113B1005EDAF7 /* LaunchScreen.storyboard in Resources */ = {isa = PBXBuildFile; fileRef = 3037C53B253113B1005EDAF7 /* LaunchScreen.storyboard */; };
		3037C548253113B1005EDAF7 /* ABCNewsTests.swift in Sources */ = {isa = PBXBuildFile; fileRef = 3037C547253113B1005EDAF7 /* ABCNewsTests.swift */; };
		3037C553253113B1005EDAF7 /* ABCNewsUITests.swift in Sources */ = {isa = PBXBuildFile; fileRef = 3037C552253113B1005EDAF7 /* ABCNewsUITests.swift */; };
/* End PBXBuildFile section */

/* Begin PBXContainerItemProxy section */
		3037C544253113B1005EDAF7 /* PBXContainerItemProxy */ = {
			isa = PBXContainerItemProxy;
			containerPortal = 3037C525253113AF005EDAF7 /* Project object */;
			proxyType = 1;
			remoteGlobalIDString = 3037C52C253113AF005EDAF7;
			remoteInfo = ABCNews;
		};
		3037C54F253113B1005EDAF7 /* PBXContainerItemProxy */ = {
			isa = PBXContainerItemProxy;
			containerPortal = 3037C525253113AF005EDAF7 /* Project object */;
			proxyType = 1;
			remoteGlobalIDString = 3037C52C253113AF005EDAF7;
			remoteInfo = ABCNews;
		};
/* End PBXContainerItemProxy section */

/* Begin PBXFileReference section */
		3037C52D253113AF005EDAF7 /* ABCNews.app */ = {isa = PBXFileReference; explicitFileType = wrapper.application; includeInIndex = 0; path = ABCNews.app; sourceTree = BUILT_PRODUCTS_DIR; };
		3037C530253113AF005EDAF7 /* AppDelegate.swift */ = {isa = PBXFileReference; lastKnownFileType = sourcecode.swift; path = AppDelegate.swift; sourceTree = "<group>"; };
		3037C532253113AF005EDAF7 /* SceneDelegate.swift */ = {isa = PBXFileReference; lastKnownFileType = sourcecode.swift; path = SceneDelegate.swift; sourceTree = "<group>"; };
		3037C534253113AF005EDAF7 /* ViewController.swift */ = {isa = PBXFileReference; lastKnownFileType = sourcecode.swift; path = ViewController.swift; sourceTree = "<group>"; };
		3037C537253113AF005EDAF7 /* Base */ = {isa = PBXFileReference; lastKnownFileType = file.storyboard; name = Base; path = Base.lproj/Main.storyboard; sourceTree = "<group>"; };
		3037C539253113B1005EDAF7 /* Assets.xcassets */ = {isa = PBXFileReference; lastKnownFileType = folder.assetcatalog; path = Assets.xcassets; sourceTree = "<group>"; };
		3037C53C253113B1005EDAF7 /* Base */ = {isa = PBXFileReference; lastKnownFileType = file.storyboard; name = Base; path = Base.lproj/LaunchScreen.storyboard; sourceTree = "<group>"; };
		3037C53E253113B1005EDAF7 /* Info.plist */ = {isa = PBXFileReference; lastKnownFileType = text.plist.xml; path = Info.plist; sourceTree = "<group>"; };
		3037C543253113B1005EDAF7 /* ABCNewsTests.xctest */ = {isa = PBXFileReference; explicitFileType = wrapper.cfbundle; includeInIndex = 0; path = ABCNewsTests.xctest; sourceTree = BUILT_PRODUCTS_DIR; };
		3037C547253113B1005EDAF7 /* ABCNewsTests.swift */ = {isa = PBXFileReference; lastKnownFileType = sourcecode.swift; path = ABCNewsTests.swift; sourceTree = "<group>"; };
		3037C549253113B1005EDAF7 /* Info.plist */ = {isa = PBXFileReference; lastKnownFileType = text.plist.xml; path = Info.plist; sourceTree = "<group>"; };
		3037C54E253113B1005EDAF7 /* ABCNewsUITests.xctest */ = {isa = PBXFileReference; explicitFileType = wrapper.cfbundle; includeInIndex = 0; path = ABCNewsUITests.xctest; sourceTree = BUILT_PRODUCTS_DIR; };
		3037C552253113B1005EDAF7 /* ABCNewsUITests.swift */ = {isa = PBXFileReference; lastKnownFileType = sourcecode.swift; path = ABCNewsUITests.swift; sourceTree = "<group>"; };
		3037C554253113B1005EDAF7 /* Info.plist */ = {isa = PBXFileReference; lastKnownFileType = text.plist.xml; path = Info.plist; sourceTree = "<group>"; };
/* End PBXFileReference section */

/* Begin PBXFrameworksBuildPhase section */
		3037C52A253113AF005EDAF7 /* Frameworks */ = {
			isa = PBXFrameworksBuildPhase;
			buildActionMask = 2147483647;
			files = (
			);
			runOnlyForDeploymentPostprocessing = 0;
		};
		3037C540253113B1005EDAF7 /* Frameworks */ = {
			isa = PBXFrameworksBuildPhase;
			buildActionMask = 2147483647;
			files = (
			);
			runOnlyForDeploymentPostprocessing = 0;
		};
		3037C54B253113B1005EDAF7 /* Frameworks */ = {
			isa = PBXFrameworksBuildPhase;
			buildActionMask = 2147483647;
			files = (
			);
			runOnlyForDeploymentPostprocessing = 0;
		};
/* End PBXFrameworksBuildPhase section */

/* Begin PBXGroup section */
		3037C524253113AF005EDAF7 = {
			isa = PBXGroup;
			children = (
				3037C52F253113AF005EDAF7 /* ABCNews */,
				3037C546253113B1005EDAF7 /* ABCNewsTests */,
				3037C551253113B1005EDAF7 /* ABCNewsUITests */,
				3037C52E253113AF005EDAF7 /* Products */,
			);
			sourceTree = "<group>";
		};
		3037C52E253113AF005EDAF7 /* Products */ = {
			isa = PBXGroup;
			children = (
				3037C52D253113AF005EDAF7 /* ABCNews.app */,
				3037C543253113B1005EDAF7 /* ABCNewsTests.xctest */,
				3037C54E253113B1005EDAF7 /* ABCNewsUITests.xctest */,
			);
			name = Products;
			sourceTree = "<group>";
		};
		3037C52F253113AF005EDAF7 /* ABCNews */ = {
			isa = PBXGroup;
			children = (
				3037C530253113AF005EDAF7 /* AppDelegate.swift */,
				3037C532253113AF005EDAF7 /* SceneDelegate.swift */,
				3037C534253113AF005EDAF7 /* ViewController.swift */,
				3037C536253113AF005EDAF7 /* Main.storyboard */,
				3037C539253113B1005EDAF7 /* Assets.xcassets */,
				3037C53B253113B1005EDAF7 /* LaunchScreen.storyboard */,
				3037C53E253113B1005EDAF7 /* Info.plist */,
			);
			path = ABCNews;
			sourceTree = "<group>";
		};
		3037C546253113B1005EDAF7 /* ABCNewsTests */ = {
			isa = PBXGroup;
			children = (
				3037C547253113B1005EDAF7 /* ABCNewsTests.swift */,
				3037C549253113B1005EDAF7 /* Info.plist */,
			);
			path = ABCNewsTests;
			sourceTree = "<group>";
		};
		3037C551253113B1005EDAF7 /* ABCNewsUITests */ = {
			isa = PBXGroup;
			children = (
				3037C552253113B1005EDAF7 /* ABCNewsUITests.swift */,
				3037C554253113B1005EDAF7 /* Info.plist */,
			);
			path = ABCNewsUITests;
			sourceTree = "<group>";
		};
/* End PBXGroup section */

/* Begin PBXNativeTarget section */
		3037C52C253113AF005EDAF7 /* ABCNews */ = {
			isa = PBXNativeTarget;
			buildConfigurationList = 3037C557253113B1005EDAF7 /* Build configuration list for PBXNativeTarget "ABCNews" */;
			buildPhases = (
				3037C529253113AF005EDAF7 /* Sources */,
				3037C52A253113AF005EDAF7 /* Frameworks */,
				3037C52B253113AF005EDAF7 /* Resources */,
			);
			buildRules = (
			);
			dependencies = (
			);
			name = ABCNews;
			productName = ABCNews;
			productReference = 3037C52D253113AF005EDAF7 /* ABCNews.app */;
			productType = "com.apple.product-type.application";
		};
		3037C542253113B1005EDAF7 /* ABCNewsTests */ = {
			isa = PBXNativeTarget;
			buildConfigurationList = 3037C55A253113B1005EDAF7 /* Build configuration list for PBXNativeTarget "ABCNewsTests" */;
			buildPhases = (
				3037C53F253113B1005EDAF7 /* Sources */,
				3037C540253113B1005EDAF7 /* Frameworks */,
				3037C541253113B1005EDAF7 /* Resources */,
			);
			buildRules = (
			);
			dependencies = (
				3037C545253113B1005EDAF7 /* PBXTargetDependency */,
			);
			name = ABCNewsTests;
			productName = ABCNewsTests;
			productReference = 3037C543253113B1005EDAF7 /* ABCNewsTests.xctest */;
			productType = "com.apple.product-type.bundle.unit-test";
		};
		3037C54D253113B1005EDAF7 /* ABCNewsUITests */ = {
			isa = PBXNativeTarget;
			buildConfigurationList = 3037C55D253113B1005EDAF7 /* Build configuration list for PBXNativeTarget "ABCNewsUITests" */;
			buildPhases = (
				3037C54A253113B1005EDAF7 /* Sources */,
				3037C54B253113B1005EDAF7 /* Frameworks */,
				3037C54C253113B1005EDAF7 /* Resources */,
			);
			buildRules = (
			);
			dependencies = (
				3037C550253113B1005EDAF7 /* PBXTargetDependency */,
			);
			name = ABCNewsUITests;
			productName = ABCNewsUITests;
			productReference = 3037C54E253113B1005EDAF7 /* ABCNewsUITests.xctest */;
			productType = "com.apple.product-type.bundle.ui-testing";
		};
/* End PBXNativeTarget section */

/* Begin PBXProject section */
		3037C525253113AF005EDAF7 /* Project object */ = {
			isa = PBXProject;
			attributes = {
				LastSwiftUpdateCheck = 1110;
				LastUpgradeCheck = 1110;
				ORGANIZATIONNAME = "ani david";
				TargetAttributes = {
					3037C52C253113AF005EDAF7 = {
						CreatedOnToolsVersion = 11.1;
					};
					3037C542253113B1005EDAF7 = {
						CreatedOnToolsVersion = 11.1;
						TestTargetID = 3037C52C253113AF005EDAF7;
					};
					3037C54D253113B1005EDAF7 = {
						CreatedOnToolsVersion = 11.1;
						TestTargetID = 3037C52C253113AF005EDAF7;
					};
				};
			};
			buildConfigurationList = 3037C528253113AF005EDAF7 /* Build configuration list for PBXProject "ABCNews" */;
			compatibilityVersion = "Xcode 9.3";
			developmentRegion = en;
			hasScannedForEncodings = 0;
			knownRegions = (
				en,
				Base,
			);
			mainGroup = 3037C524253113AF005EDAF7;
			productRefGroup = 3037C52E253113AF005EDAF7 /* Products */;
			projectDirPath = "";
			projectRoot = "";
			targets = (
				3037C52C253113AF005EDAF7 /* ABCNews */,
				3037C542253113B1005EDAF7 /* ABCNewsTests */,
				3037C54D253113B1005EDAF7 /* ABCNewsUITests */,
			);
		};
/* End PBXProject section */

/* Begin PBXResourcesBuildPhase section */
		3037C52B253113AF005EDAF7 /* Resources */ = {
			isa = PBXResourcesBuildPhase;
			buildActionMask = 2147483647;
			files = (
				3037C53D253113B1005EDAF7 /* LaunchScreen.storyboard in Resources */,
				3037C53A253113B1005EDAF7 /* Assets.xcassets in Resources */,
				3037C538253113AF005EDAF7 /* Main.storyboard in Resources */,
			);
			runOnlyForDeploymentPostprocessing = 0;
		};
		3037C541253113B1005EDAF7 /* Resources */ = {
			isa = PBXResourcesBuildPhase;
			buildActionMask = 2147483647;
			files = (
			);
			runOnlyForDeploymentPostprocessing = 0;
		};
		3037C54C253113B1005EDAF7 /* Resources */ = {
			isa = PBXResourcesBuildPhase;
			buildActionMask = 2147483647;
			files = (
			);
			runOnlyForDeploymentPostprocessing = 0;
		};
/* End PBXResourcesBuildPhase section */

/* Begin PBXSourcesBuildPhase section */
		3037C529253113AF005EDAF7 /* Sources */ = {
			isa = PBXSourcesBuildPhase;
			buildActionMask = 2147483647;
			files = (
				3037C535253113AF005EDAF7 /* ViewController.swift in Sources */,
				3037C531253113AF005EDAF7 /* AppDelegate.swift in Sources */,
				3037C533253113AF005EDAF7 /* SceneDelegate.swift in Sources */,
			);
			runOnlyForDeploymentPostprocessing = 0;
		};
		3037C53F253113B1005EDAF7 /* Sources */ = {
			isa = PBXSourcesBuildPhase;
			buildActionMask = 2147483647;
			files = (
				3037C548253113B1005EDAF7 /* ABCNewsTests.swift in Sources */,
			);
			runOnlyForDeploymentPostprocessing = 0;
		};
		3037C54A253113B1005EDAF7 /* Sources */ = {
			isa = PBXSourcesBuildPhase;
			buildActionMask = 2147483647;
			files = (
				3037C553253113B1005EDAF7 /* ABCNewsUITests.swift in Sources */,
			);
			runOnlyForDeploymentPostprocessing = 0;
		};
/* End PBXSourcesBuildPhase section */

/* Begin PBXTargetDependency section */
		3037C545253113B1005EDAF7 /* PBXTargetDependency */ = {
			isa = PBXTargetDependency;
			target = 3037C52C253113AF005EDAF7 /* ABCNews */;
			targetProxy = 3037C544253113B1005EDAF7 /* PBXContainerItemProxy */;
		};
		3037C550253113B1005EDAF7 /* PBXTargetDependency */ = {
			isa = PBXTargetDependency;
			target = 3037C52C253113AF005EDAF7 /* ABCNews */;
			targetProxy = 3037C54F253113B1005EDAF7 /* PBXContainerItemProxy */;
		};
/* End PBXTargetDependency section */

/* Begin PBXVariantGroup section */
		3037C536253113AF005EDAF7 /* Main.storyboard */ = {
			isa = PBXVariantGroup;
			children = (
				3037C537253113AF005EDAF7 /* Base */,
			);
			name = Main.storyboard;
			sourceTree = "<group>";
		};
		3037C53B253113B1005EDAF7 /* LaunchScreen.storyboard */ = {
			isa = PBXVariantGroup;
			children = (
				3037C53C253113B1005EDAF7 /* Base */,
			);
			name = LaunchScreen.storyboard;
			sourceTree = "<group>";
		};
/* End PBXVariantGroup section */

/* Begin XCBuildConfiguration section */
		3037C555253113B1005EDAF7 /* Debug */ = {
			isa = XCBuildConfiguration;
			buildSettings = {
				ALWAYS_SEARCH_USER_PATHS = NO;
				CLANG_ANALYZER_NONNULL = YES;
				CLANG_ANALYZER_NUMBER_OBJECT_CONVERSION = YES_AGGRESSIVE;
				CLANG_CXX_LANGUAGE_STANDARD = "gnu++14";
				CLANG_CXX_LIBRARY = "libc++";
				CLANG_ENABLE_MODULES = YES;
				CLANG_ENABLE_OBJC_ARC = YES;
				CLANG_ENABLE_OBJC_WEAK = YES;
				CLANG_WARN_BLOCK_CAPTURE_AUTORELEASING = YES;
				CLANG_WARN_BOOL_CONVERSION = YES;
				CLANG_WARN_COMMA = YES;
				CLANG_WARN_CONSTANT_CONVERSION = YES;
				CLANG_WARN_DEPRECATED_OBJC_IMPLEMENTATIONS = YES;
				CLANG_WARN_DIRECT_OBJC_ISA_USAGE = YES_ERROR;
				CLANG_WARN_DOCUMENTATION_COMMENTS = YES;
				CLANG_WARN_EMPTY_BODY = YES;
				CLANG_WARN_ENUM_CONVERSION = YES;
				CLANG_WARN_INFINITE_RECURSION = YES;
				CLANG_WARN_INT_CONVERSION = YES;
				CLANG_WARN_NON_LITERAL_NULL_CONVERSION = YES;
				CLANG_WARN_OBJC_IMPLICIT_RETAIN_SELF = YES;
				CLANG_WARN_OBJC_LITERAL_CONVERSION = YES;
				CLANG_WARN_OBJC_ROOT_CLASS = YES_ERROR;
				CLANG_WARN_RANGE_LOOP_ANALYSIS = YES;
				CLANG_WARN_STRICT_PROTOTYPES = YES;
				CLANG_WARN_SUSPICIOUS_MOVE = YES;
				CLANG_WARN_UNGUARDED_AVAILABILITY = YES_AGGRESSIVE;
				CLANG_WARN_UNREACHABLE_CODE = YES;
				CLANG_WARN__DUPLICATE_METHOD_MATCH = YES;
				COPY_PHASE_STRIP = NO;
				DEBUG_INFORMATION_FORMAT = dwarf;
				ENABLE_STRICT_OBJC_MSGSEND = YES;
				ENABLE_TESTABILITY = YES;
				GCC_C_LANGUAGE_STANDARD = gnu11;
				GCC_DYNAMIC_NO_PIC = NO;
				GCC_NO_COMMON_BLOCKS = YES;
				GCC_OPTIMIZATION_LEVEL = 0;
				GCC_PREPROCESSOR_DEFINITIONS = (
					"DEBUG=1",
					"$(inherited)",
				);
				GCC_WARN_64_TO_32_BIT_CONVERSION = YES;
				GCC_WARN_ABOUT_RETURN_TYPE = YES_ERROR;
				GCC_WARN_UNDECLARED_SELECTOR = YES;
				GCC_WARN_UNINITIALIZED_AUTOS = YES_AGGRESSIVE;
				GCC_WARN_UNUSED_FUNCTION = YES;
				GCC_WARN_UNUSED_VARIABLE = YES;
				IPHONEOS_DEPLOYMENT_TARGET = 13.1;
				MTL_ENABLE_DEBUG_INFO = INCLUDE_SOURCE;
				MTL_FAST_MATH = YES;
				ONLY_ACTIVE_ARCH = YES;
				SDKROOT = iphoneos;
				SWIFT_ACTIVE_COMPILATION_CONDITIONS = DEBUG;
				SWIFT_OPTIMIZATION_LEVEL = "-Onone";
			};
			name = Debug;
		};
		3037C556253113B1005EDAF7 /* Release */ = {
			isa = XCBuildConfiguration;
			buildSettings = {
				ALWAYS_SEARCH_USER_PATHS = NO;
				CLANG_ANALYZER_NONNULL = YES;
				CLANG_ANALYZER_NUMBER_OBJECT_CONVERSION = YES_AGGRESSIVE;
				CLANG_CXX_LANGUAGE_STANDARD = "gnu++14";
				CLANG_CXX_LIBRARY = "libc++";
				CLANG_ENABLE_MODULES = YES;
				CLANG_ENABLE_OBJC_ARC = YES;
				CLANG_ENABLE_OBJC_WEAK = YES;
				CLANG_WARN_BLOCK_CAPTURE_AUTORELEASING = YES;
				CLANG_WARN_BOOL_CONVERSION = YES;
				CLANG_WARN_COMMA = YES;
				CLANG_WARN_CONSTANT_CONVERSION = YES;
				CLANG_WARN_DEPRECATED_OBJC_IMPLEMENTATIONS = YES;
				CLANG_WARN_DIRECT_OBJC_ISA_USAGE = YES_ERROR;
				CLANG_WARN_DOCUMENTATION_COMMENTS = YES;
				CLANG_WARN_EMPTY_BODY = YES;
				CLANG_WARN_ENUM_CONVERSION = YES;
				CLANG_WARN_INFINITE_RECURSION = YES;
				CLANG_WARN_INT_CONVERSION = YES;
				CLANG_WARN_NON_LITERAL_NULL_CONVERSION = YES;
				CLANG_WARN_OBJC_IMPLICIT_RETAIN_SELF = YES;
				CLANG_WARN_OBJC_LITERAL_CONVERSION = YES;
				CLANG_WARN_OBJC_ROOT_CLASS = YES_ERROR;
				CLANG_WARN_RANGE_LOOP_ANALYSIS = YES;
				CLANG_WARN_STRICT_PROTOTYPES = YES;
				CLANG_WARN_SUSPICIOUS_MOVE = YES;
				CLANG_WARN_UNGUARDED_AVAILABILITY = YES_AGGRESSIVE;
				CLANG_WARN_UNREACHABLE_CODE = YES;
				CLANG_WARN__DUPLICATE_METHOD_MATCH = YES;
				COPY_PHASE_STRIP = NO;
				DEBUG_INFORMATION_FORMAT = "dwarf-with-dsym";
				ENABLE_NS_ASSERTIONS = NO;
				ENABLE_STRICT_OBJC_MSGSEND = YES;
				GCC_C_LANGUAGE_STANDARD = gnu11;
				GCC_NO_COMMON_BLOCKS = YES;
				GCC_WARN_64_TO_32_BIT_CONVERSION = YES;
				GCC_WARN_ABOUT_RETURN_TYPE = YES_ERROR;
				GCC_WARN_UNDECLARED_SELECTOR = YES;
				GCC_WARN_UNINITIALIZED_AUTOS = YES_AGGRESSIVE;
				GCC_WARN_UNUSED_FUNCTION = YES;
				GCC_WARN_UNUSED_VARIABLE = YES;
				IPHONEOS_DEPLOYMENT_TARGET = 13.1;
				MTL_ENABLE_DEBUG_INFO = NO;
				MTL_FAST_MATH = YES;
				SDKROOT = iphoneos;
				SWIFT_COMPILATION_MODE = wholemodule;
				SWIFT_OPTIMIZATION_LEVEL = "-O";
				VALIDATE_PRODUCT = YES;
			};
			name = Release;
		};
		3037C558253113B1005EDAF7 /* Debug */ = {
			isa = XCBuildConfiguration;
			buildSettings = {
				ASSETCATALOG_COMPILER_APPICON_NAME = AppIcon;
				CODE_SIGN_STYLE = Automatic;
				INFOPLIST_FILE = ABCNews/Info.plist;
				LD_RUNPATH_SEARCH_PATHS = (
					"$(inherited)",
					"@executable_path/Frameworks",
				);
				PRODUCT_BUNDLE_IDENTIFIER = aj.ABCNews;
				PRODUCT_NAME = "$(TARGET_NAME)";
				SWIFT_VERSION = 5.0;
				TARGETED_DEVICE_FAMILY = "1,2";
			};
			name = Debug;
		};
		3037C559253113B1005EDAF7 /* Release */ = {
			isa = XCBuildConfiguration;
			buildSettings = {
				ASSETCATALOG_COMPILER_APPICON_NAME = AppIcon;
				CODE_SIGN_STYLE = Automatic;
				INFOPLIST_FILE = ABCNews/Info.plist;
				LD_RUNPATH_SEARCH_PATHS = (
					"$(inherited)",
					"@executable_path/Frameworks",
				);
				PRODUCT_BUNDLE_IDENTIFIER = aj.ABCNews;
				PRODUCT_NAME = "$(TARGET_NAME)";
				SWIFT_VERSION = 5.0;
				TARGETED_DEVICE_FAMILY = "1,2";
			};
			name = Release;
		};
		3037C55B253113B1005EDAF7 /* Debug */ = {
			isa = XCBuildConfiguration;
			buildSettings = {
				ALWAYS_EMBED_SWIFT_STANDARD_LIBRARIES = YES;
				BUNDLE_LOADER = "$(TEST_HOST)";
				CODE_SIGN_STYLE = Automatic;
				INFOPLIST_FILE = ABCNewsTests/Info.plist;
				IPHONEOS_DEPLOYMENT_TARGET = 13.1;
				LD_RUNPATH_SEARCH_PATHS = (
					"$(inherited)",
					"@executable_path/Frameworks",
					"@loader_path/Frameworks",
				);
				PRODUCT_BUNDLE_IDENTIFIER = aj.ABCNewsTests;
				PRODUCT_NAME = "$(TARGET_NAME)";
				SWIFT_VERSION = 5.0;
				TARGETED_DEVICE_FAMILY = "1,2";
				TEST_HOST = "$(BUILT_PRODUCTS_DIR)/ABCNews.app/ABCNews";
			};
			name = Debug;
		};
		3037C55C253113B1005EDAF7 /* Release */ = {
			isa = XCBuildConfiguration;
			buildSettings = {
				ALWAYS_EMBED_SWIFT_STANDARD_LIBRARIES = YES;
				BUNDLE_LOADER = "$(TEST_HOST)";
				CODE_SIGN_STYLE = Automatic;
				INFOPLIST_FILE = ABCNewsTests/Info.plist;
				IPHONEOS_DEPLOYMENT_TARGET = 13.1;
				LD_RUNPATH_SEARCH_PATHS = (
					"$(inherited)",
					"@executable_path/Frameworks",
					"@loader_path/Frameworks",
				);
				PRODUCT_BUNDLE_IDENTIFIER = aj.ABCNewsTests;
				PRODUCT_NAME = "$(TARGET_NAME)";
				SWIFT_VERSION = 5.0;
				TARGETED_DEVICE_FAMILY = "1,2";
				TEST_HOST = "$(BUILT_PRODUCTS_DIR)/ABCNews.app/ABCNews";
			};
			name = Release;
		};
		3037C55E253113B1005EDAF7 /* Debug */ = {
			isa = XCBuildConfiguration;
			buildSettings = {
				ALWAYS_EMBED_SWIFT_STANDARD_LIBRARIES = YES;
				CODE_SIGN_STYLE = Automatic;
				INFOPLIST_FILE = ABCNewsUITests/Info.plist;
				LD_RUNPATH_SEARCH_PATHS = (
					"$(inherited)",
					"@executable_path/Frameworks",
					"@loader_path/Frameworks",
				);
				PRODUCT_BUNDLE_IDENTIFIER = aj.ABCNewsUITests;
				PRODUCT_NAME = "$(TARGET_NAME)";
				SWIFT_VERSION = 5.0;
				TARGETED_DEVICE_FAMILY = "1,2";
				TEST_TARGET_NAME = ABCNews;
			};
			name = Debug;
		};
		3037C55F253113B1005EDAF7 /* Release */ = {
			isa = XCBuildConfiguration;
			buildSettings = {
				ALWAYS_EMBED_SWIFT_STANDARD_LIBRARIES = YES;
				CODE_SIGN_STYLE = Automatic;
				INFOPLIST_FILE = ABCNewsUITests/Info.plist;
				LD_RUNPATH_SEARCH_PATHS = (
					"$(inherited)",
					"@executable_path/Frameworks",
					"@loader_path/Frameworks",
				);
				PRODUCT_BUNDLE_IDENTIFIER = aj.ABCNewsUITests;
				PRODUCT_NAME = "$(TARGET_NAME)";
				SWIFT_VERSION = 5.0;
				TARGETED_DEVICE_FAMILY = "1,2";
				TEST_TARGET_NAME = ABCNews;
			};
			name = Release;
		};
/* End XCBuildConfiguration section */

/* Begin XCConfigurationList section */
		3037C528253113AF005EDAF7 /* Build configuration list for PBXProject "ABCNews" */ = {
			isa = XCConfigurationList;
			buildConfigurations = (
				3037C555253113B1005EDAF7 /* Debug */,
				3037C556253113B1005EDAF7 /* Release */,
			);
			defaultConfigurationIsVisible = 0;
			defaultConfigurationName = Release;
		};
		3037C557253113B1005EDAF7 /* Build configuration list for PBXNativeTarget "ABCNews" */ = {
			isa = XCConfigurationList;
			buildConfigurations = (
				3037C558253113B1005EDAF7 /* Debug */,
				3037C559253113B1005EDAF7 /* Release */,
			);
			defaultConfigurationIsVisible = 0;
			defaultConfigurationName = Release;
		};
		3037C55A253113B1005EDAF7 /* Build configuration list for PBXNativeTarget "ABCNewsTests" */ = {
			isa = XCConfigurationList;
			buildConfigurations = (
				3037C55B253113B1005EDAF7 /* Debug */,
				3037C55C253113B1005EDAF7 /* Release */,
			);
			defaultConfigurationIsVisible = 0;
			defaultConfigurationName = Release;
		};
		3037C55D253113B1005EDAF7 /* Build configuration list for PBXNativeTarget "ABCNewsUITests" */ = {
			isa = XCConfigurationList;
			buildConfigurations = (
				3037C55E253113B1005EDAF7 /* Debug */,
				3037C55F253113B1005EDAF7 /* Release */,
			);
			defaultConfigurationIsVisible = 0;
			defaultConfigurationName = Release;
		};
/* End XCConfigurationList section */
	};
	rootObject = 3037C525253113AF005EDAF7 /* Project object */;
}
